
Microsoft Visual Studio Solution File, Format Version 12.00
# Visual Studio Version 17
VisualStudioVersion = 17.8.34330.188
MinimumVisualStudioVersion = 10.0.40219.1
Project("{FAE04EC0-301F-11D3-BF4B-00C04F79EFBC}") = "TicTacToeWeb", "TicTacToeWeb.csproj", "{57F7926E-24C4-4807-9A51-1947BE8A652A}"
EndProject
Global
	GlobalSection(SolutionConfigurationPlatforms) = preSolution
		Debug|Any CPU = Debug|Any CPU
		Release|Any CPU = Release|Any CPU
	EndGlobalSection
	GlobalSection(ProjectConfigurationPlatforms) = postSolution
		{57F7926E-24C4-4807-9A51-1947BE8A652A}.Debug|Any CPU.ActiveCfg = Debug|Any CPU
		{57F7926E-24C4-4807-9A51-1947BE8A652A}.Debug|Any CPU.Build.0 = Debug|Any CPU
		{57F7926E-24C4-4807-9A51-1947BE8A652A}.Release|Any CPU.ActiveCfg = Release|Any CPU
		{57F7926E-24C4-4807-9A51-1947BE8A652A}.Release|Any CPU.Build.0 = Release|Any CPU
	EndGlobalSection
	GlobalSection(SolutionProperties) = preSolution
		HideSolutionNode = FALSE
	EndGlobalSection
	GlobalSection(ExtensibilityGlobals) = postSolution
		SolutionGuid = {7A3D9EC2-B204-431E-8ABD-99E7B72A4865}
	EndGlobalSection
EndGlobal
